github.com/fsnotify/fsnotify v1.7.0 h1:xbqN5Q9FQ1wXGMWDGkzzh2aPxGcVNBdNjF55ECOI3KM=
github.com/fsnotify/fsnotify v1.7.0/go.mod h1:8xQY8tFQ8x1XfbohgOTKL1UjNm6JvB5VaOfX3ZC6CpY=
github.com/hashicorp/hcl v1.0.0 h1:0J3S3vv3tM34yZTiE3NTDOdguufN34i7X2ncMUsQmXY=
github.com/hashicorp/hcl v1.0.0/go.mod h1:E5yfCzBPWKxZ2fEwltCnLr0g8uZlUeWZxmbEw9Uz7eY=
github.com/inconshreveable/mousetrap v1.1.0 h1:z8k7xqVxXk3NwO3mvVHVxWFxFxr23IVZTW9qnR1n1o4=
github.com/inconshreveable/mousetrap v1.1.0/go.mod h1:KGH8hG36B/J6g8Qn0PQ6gM8ZOwC2qKZ5q8GtSog7vLc=
github.com/magiconair/properties v1.8.7 h1:uUJQzK7Qo8u5xQGGXunEIU6cH3Zf2KlkL78r7G0fs8s=
github.com/magiconair/properties v1.8.7/go.mod h1:Yr7q33RxfTh13qDdK6OkZgG3Zx3tGWBJ9a9BAK8lRok=
github.com/pelletier/go-toml/v2 v2.2.2 h1:aDNcqaF67GEhfr9dyUzzwRmYwa8RWqFh3r1yV+cIcys=
github.com/pelletier/go-toml/v2 v2.2.2/go.mod h1:1t835Q+TI+y08wuoOnuOydcRqKCNekQ9MzI19hWsoDY=
github.com/spf13/afero v1.11.0 h1:Wn1KZV4j8pNWCN7YZVRbkNf9Y8Kp9KZlmrQTS5Ns9xc=
github.com/spf13/afero v1.11.0/go.mod h1:4z21ZkGGHlj1qfZa4nY5x28ZC+O9sbS3QvPaT/VbwKc=
github.com/spf13/cast v1.6.0 h1:KMrsiSGgXYu20t7Axut54jDLDkJxZo7s6bH0Z+2Ogb0=
github.com/spf13/cast v1.6.0/go.mod h1:oDoupL4BX3pqf5M+ygaVYJDM77tI5rs3s3ycR8eJmEU=
github.com/spf13/cobra v1.8.0 h1:N5f9goGZLh/3F2dpas7DcG/HQojjZ7LcLm7DedzB6OU=
github.com/spf13/cobra v1.8.0/go.mod h1:4lDCZu/f4Pyp6Vg2ZqQf7M3b/91cR6ruasE8v/vZWEY=
github.com/spf13/pflag v1.0.5 h1:iy+VFUOCPkuRb+ZK6S8RgPxC5U6Ygo0LxBH7D1EwPJE=
github.com/spf13/pflag v1.0.5/go.mod h1:McXfInHvC/2wS2FzWPw7uz1pK6o3nK2BV2G6LyDq8AU=
github.com/spf13/viper v1.18.2 h1:Lqknn5Kd2xADWmCap+/rJvIQ5sJVuFCS1H4M2qC7OR8=
github.com/spf13/viper v1.18.2/go.mod h1:W8kVQ1GP7Sdh5fIVgSdtSgKgPrPwqz4ikDvM7Q9pUjw=
